
Microsoft Visual Studio Solution File, Format Version 11.00
# Visual Studio 2010
Project("{FAE04EC0-301F-11D3-BF4B-00C04F79EFBC}") = "RXDemoApp", "RXDemoApp.csproj", "{9E7A0FD5-27EC-43C2-82C4-7F2D2032B6D8}"
EndProject
Global
	GlobalSection(SolutionConfigurationPlatforms) = preSolution
		AdHoc|Any CPU = AdHoc|Any CPU
		AdHoc|iPhone = AdHoc|iPhone
		AdHoc|iPhoneSimulator = AdHoc|iPhoneSimulator
		AdHoc|Mixed Platforms = AdHoc|Mixed Platforms
		AdHoc|x86 = AdHoc|x86
		AppStore|Any CPU = AppStore|Any CPU
		AppStore|iPhone = AppStore|iPhone
		AppStore|iPhoneSimulator = AppStore|iPhoneSimulator
		AppStore|Mixed Platforms = AppStore|Mixed Platforms
		AppStore|x86 = AppStore|x86
		Debug|Any CPU = Debug|Any CPU
		Debug|iPhone = Debug|iPhone
		Debug|iPhoneSimulator = Debug|iPhoneSimulator
		Debug|Mixed Platforms = Debug|Mixed Platforms
		Debug|x86 = Debug|x86
		Release|Any CPU = Release|Any CPU
		Release|iPhone = Release|iPhone
		Release|iPhoneSimulator = Release|iPhoneSimulator
		Release|Mixed Platforms = Release|Mixed Platforms
		Release|x86 = Release|x86
	EndGlobalSection
	GlobalSection(ProjectConfigurationPlatforms) = postSolution
		{9E7A0FD5-27EC-43C2-82C4-7F2D2032B6D8}.AdHoc|Any CPU.ActiveCfg = Release|iPhone
		{9E7A0FD5-27EC-43C2-82C4-7F2D2032B6D8}.AdHoc|iPhone.ActiveCfg = Release|iPhone
		{9E7A0FD5-27EC-43C2-82C4-7F2D2032B6D8}.AdHoc|iPhoneSimulator.ActiveCfg = Release|iPhone
		{9E7A0FD5-27EC-43C2-82C4-7F2D2032B6D8}.AdHoc|Mixed Platforms.ActiveCfg = Release|iPhone
		{9E7A0FD5-27EC-43C2-82C4-7F2D2032B6D8}.AdHoc|x86.ActiveCfg = Release|iPhone
		{9E7A0FD5-27EC-43C2-82C4-7F2D2032B6D8}.AppStore|Any CPU.ActiveCfg = Release|iPhone
		{9E7A0FD5-27EC-43C2-82C4-7F2D2032B6D8}.AppStore|iPhone.ActiveCfg = Release|iPhone
		{9E7A0FD5-27EC-43C2-82C4-7F2D2032B6D8}.AppStore|iPhoneSimulator.ActiveCfg = Release|iPhone
		{9E7A0FD5-27EC-43C2-82C4-7F2D2032B6D8}.AppStore|Mixed Platforms.ActiveCfg = Release|iPhone
		{9E7A0FD5-27EC-43C2-82C4-7F2D2032B6D8}.AppStore|x86.ActiveCfg = Release|iPhone
		{9E7A0FD5-27EC-43C2-82C4-7F2D2032B6D8}.Debug|Any CPU.ActiveCfg = Debug|iPhoneSimulator
		{9E7A0FD5-27EC-43C2-82C4-7F2D2032B6D8}.Debug|Any CPU.Build.0 = Debug|iPhoneSimulator
		{9E7A0FD5-27EC-43C2-82C4-7F2D2032B6D8}.Debug|iPhone.ActiveCfg = Debug|iPhone
		{9E7A0FD5-27EC-43C2-82C4-7F2D2032B6D8}.Debug|iPhone.Build.0 = Debug|iPhone
		{9E7A0FD5-27EC-43C2-82C4-7F2D2032B6D8}.Debug|iPhoneSimulator.ActiveCfg = Debug|iPhoneSimulator
		{9E7A0FD5-27EC-43C2-82C4-7F2D2032B6D8}.Debug|iPhoneSimulator.Build.0 = Debug|iPhoneSimulator
		{9E7A0FD5-27EC-43C2-82C4-7F2D2032B6D8}.Debug|Mixed Platforms.ActiveCfg = Debug|iPhoneSimulator
		{9E7A0FD5-27EC-43C2-82C4-7F2D2032B6D8}.Debug|Mixed Platforms.Build.0 = Debug|iPhoneSimulator
		{9E7A0FD5-27EC-43C2-82C4-7F2D2032B6D8}.Debug|x86.ActiveCfg = Debug|iPhone
		{9E7A0FD5-27EC-43C2-82C4-7F2D2032B6D8}.Release|Any CPU.ActiveCfg = Release|iPhoneSimulator
		{9E7A0FD5-27EC-43C2-82C4-7F2D2032B6D8}.Release|Any CPU.Build.0 = Release|iPhoneSimulator
		{9E7A0FD5-27EC-43C2-82C4-7F2D2032B6D8}.Release|iPhone.ActiveCfg = Release|iPhone
		{9E7A0FD5-27EC-43C2-82C4-7F2D2032B6D8}.Release|iPhone.Build.0 = Release|iPhone
		{9E7A0FD5-27EC-43C2-82C4-7F2D2032B6D8}.Release|iPhoneSimulator.ActiveCfg = Release|iPhoneSimulator
		{9E7A0FD5-27EC-43C2-82C4-7F2D2032B6D8}.Release|iPhoneSimulator.Build.0 = Release|iPhoneSimulator
		{9E7A0FD5-27EC-43C2-82C4-7F2D2032B6D8}.Release|Mixed Platforms.ActiveCfg = Release|iPhoneSimulator
		{9E7A0FD5-27EC-43C2-82C4-7F2D2032B6D8}.Release|Mixed Platforms.Build.0 = Release|iPhoneSimulator
		{9E7A0FD5-27EC-43C2-82C4-7F2D2032B6D8}.Release|x86.ActiveCfg = Release|iPhone
	EndGlobalSection
	GlobalSection(MonoDevelopProperties) = preSolution
		StartupItem = RXDemoApp.csproj
	EndGlobalSection
	GlobalSection(SolutionProperties) = preSolution
		HideSolutionNode = FALSE
	EndGlobalSection
EndGlobal
